{
    "version": 3,
    "terraform_version": "0.11.11",
    "serial": 41,
    "lineage": "f234a5e2-ce2c-5faf-e197-652b094eae52",
    "modules": [
        {
            "path": [
                "root"
            ],
            "outputs": {},
            "resources": {
                "aws_default_route_table.default": {
                    "type": "aws_default_route_table",
                    "depends_on": [
                        "aws_internet_gateway.invesco_gw",
                        "aws_vpc.invesco_vpc"
                    ],
                    "primary": {
                        "id": "rtb-8c33a71da5f1443ca64425a4ee5b4469",
                        "attributes": {
                            "default_route_table_id": "rtb-8c33a71da5f1443ca64425a4ee5b4469",
                            "id": "rtb-8c33a71da5f1443ca64425a4ee5b4469",
                            "propagating_vgws.#": "0",
                            "route.#": "1",
                            "route.2759678950.cidr_block": "0.0.0.0/0",
                            "route.2759678950.egress_only_gateway_id": "",
                            "route.2759678950.gateway_id": "igw-6bacaf0ddd3040b298134b69efcd96fb",
                            "route.2759678950.instance_id": "",
                            "route.2759678950.ipv6_cidr_block": "",
                            "route.2759678950.nat_gateway_id": "",
                            "route.2759678950.network_interface_id": "",
                            "route.2759678950.vpc_peering_connection_id": "",
                            "tags.%": "0",
                            "vpc_id": "vpc-5b56c2cf44384301b72fae24840dc9d5"
                        },
                        "meta": {},
                        "tainted": false
                    },
                    "deposed": [],
                    "provider": "provider.aws"
                },
                "aws_eip.ivz_vm_db_eip": {
                    "type": "aws_eip",
                    "depends_on": [
                        "aws_internet_gateway.invesco_gw"
                    ],
                    "primary": {
                        "id": "eipalloc-aa22747432e54221bdc7a99a7b262aba",
                        "attributes": {
                            "association_id": "eipassoc-aa22747432e54221bdc7a99a7b262aba44e09133ac150107",
                            "domain": "vpc",
                            "id": "eipalloc-aa22747432e54221bdc7a99a7b262aba",
                            "instance": "i-ade7aada493b433fbf56cb23098da116",
                            "network_interface": "eni-44e0913376bb456096725a21db62bf39",
                            "private_ip": "172.21.1.7",
                            "public_ip": "10.214.79.135",
                            "tags.%": "0",
                            "vpc": "true"
                        },
                        "meta": {
                            "e2bfb730-ecaa-11e6-8f88-34363bc7c4c0": {
                                "delete": 180000000000,
                                "read": 900000000000,
                                "update": 300000000000
                            }
                        },
                        "tainted": false
                    },
                    "deposed": [],
                    "provider": "provider.aws"
                },
                "aws_eip.ivz_vm_eip": {
                    "type": "aws_eip",
                    "depends_on": [
                        "aws_internet_gateway.invesco_gw"
                    ],
                    "primary": {
                        "id": "eipalloc-850bd4e37c044133b40cc2b563c4b458",
                        "attributes": {
                            "association_id": "eipassoc-850bd4e37c044133b40cc2b563c4b4581d0838b9ac15010b",
                            "domain": "vpc",
                            "id": "eipalloc-850bd4e37c044133b40cc2b563c4b458",
                            "instance": "i-b6b17e1a1d694fbbaf154e72e66a5eff",
                            "network_interface": "eni-1d0838b92b22447c8739b0e8dcff5833",
                            "private_ip": "172.21.1.11",
                            "public_ip": "10.214.79.131",
                            "tags.%": "0",
                            "vpc": "true"
                        },
                        "meta": {
                            "e2bfb730-ecaa-11e6-8f88-34363bc7c4c0": {
                                "delete": 180000000000,
                                "read": 900000000000,
                                "update": 300000000000
                            }
                        },
                        "tainted": false
                    },
                    "deposed": [],
                    "provider": "provider.aws"
                },
                "aws_eip_association.invesco_eip_assoc": {
                    "type": "aws_eip_association",
                    "depends_on": [
                        "aws_eip.ivz_vm_eip.*",
                        "aws_instance.ivz_vm.*"
                    ],
                    "primary": {
                        "id": "eipassoc-850bd4e37c044133b40cc2b563c4b4581d0838b9ac15010b",
                        "attributes": {
                            "allocation_id": "eipalloc-850bd4e37c044133b40cc2b563c4b458",
                            "id": "eipassoc-850bd4e37c044133b40cc2b563c4b4581d0838b9ac15010b",
                            "instance_id": "i-b6b17e1a1d694fbbaf154e72e66a5eff",
                            "network_interface_id": "eni-1d0838b92b22447c8739b0e8dcff5833",
                            "private_ip_address": "172.21.1.11",
                            "public_ip": "10.214.79.131"
                        },
                        "meta": {},
                        "tainted": false
                    },
                    "deposed": [],
                    "provider": "provider.aws"
                },
                "aws_eip_association.invesco_eip_db_assoc": {
                    "type": "aws_eip_association",
                    "depends_on": [
                        "aws_eip.ivz_vm_db_eip.*",
                        "aws_instance.ivz_vm_db.*"
                    ],
                    "primary": {
                        "id": "eipassoc-aa22747432e54221bdc7a99a7b262aba44e09133ac150107",
                        "attributes": {
                            "allocation_id": "eipalloc-aa22747432e54221bdc7a99a7b262aba",
                            "id": "eipassoc-aa22747432e54221bdc7a99a7b262aba44e09133ac150107",
                            "instance_id": "i-ade7aada493b433fbf56cb23098da116",
                            "network_interface_id": "eni-44e0913376bb456096725a21db62bf39",
                            "private_ip_address": "172.21.1.7",
                            "public_ip": "10.214.79.135"
                        },
                        "meta": {},
                        "tainted": false
                    },
                    "deposed": [],
                    "provider": "provider.aws"
                },
                "aws_instance.ivz_vm": {
                    "type": "aws_instance",
                    "depends_on": [
                        "aws_security_group.allow_all",
                        "aws_subnet.invesco_subnet"
                    ],
                    "primary": {
                        "id": "i-b6b17e1a1d694fbbaf154e72e66a5eff",
                        "attributes": {
                            "ami": "ami-5b3bd159778e461c9b74f0803ac5d04b",
                            "arn": "arn:aws:ec2:us-east-1::instance/i-b6b17e1a1d694fbbaf154e72e66a5eff",
                            "associate_public_ip_address": "true",
                            "availability_zone": "symphony",
                            "credit_specification.#": "1",
                            "credit_specification.0.cpu_credits": "standard",
                            "disable_api_termination": "false",
                            "ebs_block_device.#": "1",
                            "ebs_block_device.191736221.delete_on_termination": "false",
                            "ebs_block_device.191736221.device_name": "",
                            "ebs_block_device.191736221.encrypted": "false",
                            "ebs_block_device.191736221.iops": "0",
                            "ebs_block_device.191736221.snapshot_id": "snap-5bec55d83e084422887c9f240426adaa",
                            "ebs_block_device.191736221.volume_id": "vol-1b277ada6bab48dbbba755959ddb7edc",
                            "ebs_block_device.191736221.volume_size": "9",
                            "ebs_block_device.191736221.volume_type": "standard",
                            "ebs_optimized": "false",
                            "ephemeral_block_device.#": "0",
                            "get_password_data": "false",
                            "iam_instance_profile": "",
                            "id": "i-b6b17e1a1d694fbbaf154e72e66a5eff",
                            "instance_state": "running",
                            "instance_type": "c3.xlarge",
                            "ipv6_addresses.#": "0",
                            "key_name": "",
                            "monitoring": "false",
                            "network_interface.#": "0",
                            "network_interface_id": "eni-1d0838b92b22447c8739b0e8dcff5833",
                            "password_data": "",
                            "placement_group": "",
                            "primary_network_interface_id": "eni-1d0838b92b22447c8739b0e8dcff5833",
                            "private_dns": "host-172-21-1-11.ivz.strato.net",
                            "private_ip": "172.21.1.11",
                            "public_dns": "",
                            "public_ip": "10.214.79.131",
                            "root_block_device.#": "1",
                            "root_block_device.0.delete_on_termination": "true",
                            "root_block_device.0.iops": "0",
                            "root_block_device.0.volume_id": "vol-7c97dc997211451a950bb4e19b2b6b5d",
                            "root_block_device.0.volume_size": "60",
                            "root_block_device.0.volume_type": "standard",
                            "security_groups.#": "0",
                            "source_dest_check": "true",
                            "subnet_id": "subnet-3067254d29e2457191253772e6dfe35a",
                            "tags.%": "1",
                            "tags.Name": "ivz_vm_0",
                            "tenancy": "default",
                            "volume_tags.%": "0",
                            "vpc_security_group_ids.#": "1",
                            "vpc_security_group_ids.1337449566": "sg-1f23a033e8c94d099b000c3c59de9444"
                        },
                        "meta": {
                            "e2bfb730-ecaa-11e6-8f88-34363bc7c4c0": {
                                "create": 600000000000,
                                "delete": 1200000000000,
                                "update": 600000000000
                            },
                            "schema_version": "1"
                        },
                        "tainted": false
                    },
                    "deposed": [],
                    "provider": "provider.aws"
                },
                "aws_instance.ivz_vm_db": {
                    "type": "aws_instance",
                    "depends_on": [
                        "aws_security_group.allow_all",
                        "aws_subnet.invesco_subnet"
                    ],
                    "primary": {
                        "id": "i-ade7aada493b433fbf56cb23098da116",
                        "attributes": {
                            "ami": "ami-fad857368cee4dbf9003fdb8f2a30fb9",
                            "arn": "arn:aws:ec2:us-east-1::instance/i-ade7aada493b433fbf56cb23098da116",
                            "associate_public_ip_address": "true",
                            "availability_zone": "symphony",
                            "credit_specification.#": "1",
                            "credit_specification.0.cpu_credits": "standard",
                            "disable_api_termination": "false",
                            "ebs_block_device.#": "1",
                            "ebs_block_device.2804750070.delete_on_termination": "true",
                            "ebs_block_device.2804750070.device_name": "",
                            "ebs_block_device.2804750070.encrypted": "false",
                            "ebs_block_device.2804750070.iops": "0",
                            "ebs_block_device.2804750070.snapshot_id": "snap-867e3c97c3834e0ea0256c32f450563c",
                            "ebs_block_device.2804750070.volume_id": "vol-0e34b2a226a9412a9d411d30d7569f32",
                            "ebs_block_device.2804750070.volume_size": "9",
                            "ebs_block_device.2804750070.volume_type": "standard",
                            "ebs_optimized": "false",
                            "ephemeral_block_device.#": "0",
                            "get_password_data": "false",
                            "iam_instance_profile": "",
                            "id": "i-ade7aada493b433fbf56cb23098da116",
                            "instance_state": "running",
                            "instance_type": "m3.xlarge",
                            "ipv6_addresses.#": "0",
                            "key_name": "",
                            "monitoring": "false",
                            "network_interface.#": "0",
                            "network_interface_id": "eni-44e0913376bb456096725a21db62bf39",
                            "password_data": "",
                            "placement_group": "",
                            "primary_network_interface_id": "eni-44e0913376bb456096725a21db62bf39",
                            "private_dns": "host-172-21-1-7.ivz.strato.net",
                            "private_ip": "172.21.1.7",
                            "public_dns": "",
                            "public_ip": "10.214.79.135",
                            "root_block_device.#": "1",
                            "root_block_device.0.delete_on_termination": "false",
                            "root_block_device.0.iops": "0",
                            "root_block_device.0.volume_id": "vol-5ab66940c5574b49bc08ecafeb5ed2a5",
                            "root_block_device.0.volume_size": "60",
                            "root_block_device.0.volume_type": "standard",
                            "security_groups.#": "0",
                            "source_dest_check": "true",
                            "subnet_id": "subnet-3067254d29e2457191253772e6dfe35a",
                            "tags.%": "1",
                            "tags.Name": "ivz_vm_db_0",
                            "tenancy": "default",
                            "volume_tags.%": "0",
                            "vpc_security_group_ids.#": "1",
                            "vpc_security_group_ids.1337449566": "sg-1f23a033e8c94d099b000c3c59de9444"
                        },
                        "meta": {
                            "e2bfb730-ecaa-11e6-8f88-34363bc7c4c0": {
                                "create": 600000000000,
                                "delete": 1200000000000,
                                "update": 600000000000
                            },
                            "schema_version": "1"
                        },
                        "tainted": false
                    },
                    "deposed": [],
                    "provider": "provider.aws"
                },
                "aws_instance.ivz_vm_web.0": {
                    "type": "aws_instance",
                    "depends_on": [
                        "aws_security_group.allout",
                        "aws_security_group.web-sec",
                        "aws_subnet.invesco_subnet"
                    ],
                    "primary": {
                        "id": "i-8118d719b6984cc6b5355985f2e578f0",
                        "attributes": {
                            "ami": "ami-5b3bd159778e461c9b74f0803ac5d04b",
                            "arn": "arn:aws:ec2:us-east-1::instance/i-8118d719b6984cc6b5355985f2e578f0",
                            "associate_public_ip_address": "false",
                            "availability_zone": "symphony",
                            "credit_specification.#": "1",
                            "credit_specification.0.cpu_credits": "standard",
                            "disable_api_termination": "false",
                            "ebs_block_device.#": "1",
                            "ebs_block_device.191736221.delete_on_termination": "true",
                            "ebs_block_device.191736221.device_name": "",
                            "ebs_block_device.191736221.encrypted": "false",
                            "ebs_block_device.191736221.iops": "0",
                            "ebs_block_device.191736221.snapshot_id": "snap-5bec55d83e084422887c9f240426adaa",
                            "ebs_block_device.191736221.volume_id": "vol-63deb89ca3b5481bb93bb340e1c58c6f",
                            "ebs_block_device.191736221.volume_size": "9",
                            "ebs_block_device.191736221.volume_type": "standard",
                            "ebs_optimized": "false",
                            "ephemeral_block_device.#": "0",
                            "get_password_data": "false",
                            "iam_instance_profile": "",
                            "id": "i-8118d719b6984cc6b5355985f2e578f0",
                            "instance_state": "running",
                            "instance_type": "c3.xlarge",
                            "ipv6_addresses.#": "0",
                            "key_name": "",
                            "monitoring": "false",
                            "network_interface.#": "0",
                            "network_interface_id": "eni-c4fbf48295c94e67916458e43c28adee",
                            "password_data": "",
                            "placement_group": "",
                            "primary_network_interface_id": "eni-c4fbf48295c94e67916458e43c28adee",
                            "private_dns": "host-172-21-1-14.ivz.strato.net",
                            "private_ip": "172.21.1.14",
                            "public_dns": "",
                            "public_ip": "",
                            "root_block_device.#": "1",
                            "root_block_device.0.delete_on_termination": "false",
                            "root_block_device.0.iops": "0",
                            "root_block_device.0.volume_id": "vol-1f62ae8f85d4417bad7e0d8c03a7e9d6",
                            "root_block_device.0.volume_size": "60",
                            "root_block_device.0.volume_type": "standard",
                            "security_groups.#": "0",
                            "source_dest_check": "true",
                            "subnet_id": "subnet-3067254d29e2457191253772e6dfe35a",
                            "tags.%": "1",
                            "tags.Name": "ivz_vm_web_0",
                            "tenancy": "default",
                            "volume_tags.%": "0",
                            "vpc_security_group_ids.#": "2",
                            "vpc_security_group_ids.4240251061": "sg-7f03fb301fa64ecbb913ae4faf860219",
                            "vpc_security_group_ids.807121932": "sg-89e7881bcd744644857af291048b3bbb"
                        },
                        "meta": {
                            "e2bfb730-ecaa-11e6-8f88-34363bc7c4c0": {
                                "create": 600000000000,
                                "delete": 1200000000000,
                                "update": 600000000000
                            },
                            "schema_version": "1"
                        },
                        "tainted": false
                    },
                    "deposed": [],
                    "provider": "provider.aws"
                },
                "aws_instance.ivz_vm_web.1": {
                    "type": "aws_instance",
                    "depends_on": [
                        "aws_security_group.allout",
                        "aws_security_group.web-sec",
                        "aws_subnet.invesco_subnet"
                    ],
                    "primary": {
                        "id": "i-6802d6fec21d4afca317ce5b57fdb65a",
                        "attributes": {
                            "ami": "ami-5b3bd159778e461c9b74f0803ac5d04b",
                            "arn": "arn:aws:ec2:us-east-1::instance/i-6802d6fec21d4afca317ce5b57fdb65a",
                            "associate_public_ip_address": "false",
                            "availability_zone": "symphony",
                            "credit_specification.#": "1",
                            "credit_specification.0.cpu_credits": "standard",
                            "disable_api_termination": "false",
                            "ebs_block_device.#": "1",
                            "ebs_block_device.191736221.delete_on_termination": "false",
                            "ebs_block_device.191736221.device_name": "",
                            "ebs_block_device.191736221.encrypted": "false",
                            "ebs_block_device.191736221.iops": "0",
                            "ebs_block_device.191736221.snapshot_id": "snap-5bec55d83e084422887c9f240426adaa",
                            "ebs_block_device.191736221.volume_id": "vol-4b163b1cdb2a4435addb240c1893cf0d",
                            "ebs_block_device.191736221.volume_size": "9",
                            "ebs_block_device.191736221.volume_type": "standard",
                            "ebs_optimized": "false",
                            "ephemeral_block_device.#": "0",
                            "get_password_data": "false",
                            "iam_instance_profile": "",
                            "id": "i-6802d6fec21d4afca317ce5b57fdb65a",
                            "instance_state": "running",
                            "instance_type": "c3.xlarge",
                            "ipv6_addresses.#": "0",
                            "key_name": "",
                            "monitoring": "false",
                            "network_interface.#": "0",
                            "network_interface_id": "eni-30b4ef37b5814a2dad066d515f35ca35",
                            "password_data": "",
                            "placement_group": "",
                            "primary_network_interface_id": "eni-30b4ef37b5814a2dad066d515f35ca35",
                            "private_dns": "host-172-21-1-8.ivz.strato.net",
                            "private_ip": "172.21.1.8",
                            "public_dns": "",
                            "public_ip": "",
                            "root_block_device.#": "1",
                            "root_block_device.0.delete_on_termination": "true",
                            "root_block_device.0.iops": "0",
                            "root_block_device.0.volume_id": "vol-4d8962093cbf468d8a88e02ba1208bf7",
                            "root_block_device.0.volume_size": "60",
                            "root_block_device.0.volume_type": "standard",
                            "security_groups.#": "0",
                            "source_dest_check": "true",
                            "subnet_id": "subnet-3067254d29e2457191253772e6dfe35a",
                            "tags.%": "1",
                            "tags.Name": "ivz_vm_web_1",
                            "tenancy": "default",
                            "volume_tags.%": "0",
                            "vpc_security_group_ids.#": "2",
                            "vpc_security_group_ids.4240251061": "sg-7f03fb301fa64ecbb913ae4faf860219",
                            "vpc_security_group_ids.807121932": "sg-89e7881bcd744644857af291048b3bbb"
                        },
                        "meta": {
                            "e2bfb730-ecaa-11e6-8f88-34363bc7c4c0": {
                                "create": 600000000000,
                                "delete": 1200000000000,
                                "update": 600000000000
                            },
                            "schema_version": "1"
                        },
                        "tainted": false
                    },
                    "deposed": [],
                    "provider": "provider.aws"
                },
                "aws_internet_gateway.invesco_gw": {
                    "type": "aws_internet_gateway",
                    "depends_on": [
                        "aws_vpc.invesco_vpc"
                    ],
                    "primary": {
                        "id": "igw-6bacaf0ddd3040b298134b69efcd96fb",
                        "attributes": {
                            "id": "igw-6bacaf0ddd3040b298134b69efcd96fb",
                            "tags.%": "1",
                            "tags.Name": "Invesco Internet Gateway",
                            "vpc_id": "vpc-5b56c2cf44384301b72fae24840dc9d5"
                        },
                        "meta": {},
                        "tainted": false
                    },
                    "deposed": [],
                    "provider": "provider.aws"
                },
                "aws_security_group.allout": {
                    "type": "aws_security_group",
                    "depends_on": [
                        "aws_vpc.invesco_vpc"
                    ],
                    "primary": {
                        "id": "sg-89e7881bcd744644857af291048b3bbb",
                        "attributes": {
                            "arn": "arn:aws:ec2:us-east-1:3e0e219e10f64722acdcaad2f8c48ed3:security-group/sg-89e7881bcd744644857af291048b3bbb",
                            "description": "Managed by Terraform",
                            "egress.#": "1",
                            "egress.482069346.cidr_blocks.#": "1",
                            "egress.482069346.cidr_blocks.0": "0.0.0.0/0",
                            "egress.482069346.description": "",
                            "egress.482069346.from_port": "0",
                            "egress.482069346.ipv6_cidr_blocks.#": "0",
                            "egress.482069346.prefix_list_ids.#": "0",
                            "egress.482069346.protocol": "-1",
                            "egress.482069346.security_groups.#": "0",
                            "egress.482069346.self": "false",
                            "egress.482069346.to_port": "0",
                            "id": "sg-89e7881bcd744644857af291048b3bbb",
                            "ingress.#": "0",
                            "name": "allout-secgroup",
                            "owner_id": "3e0e219e10f64722acdcaad2f8c48ed3",
                            "revoke_rules_on_delete": "false",
                            "tags.%": "0",
                            "vpc_id": "vpc-5b56c2cf44384301b72fae24840dc9d5"
                        },
                        "meta": {
                            "e2bfb730-ecaa-11e6-8f88-34363bc7c4c0": {
                                "create": 600000000000,
                                "delete": 600000000000
                            },
                            "schema_version": "1"
                        },
                        "tainted": false
                    },
                    "deposed": [],
                    "provider": "provider.aws"
                },
                "aws_security_group.allow_all": {
                    "type": "aws_security_group",
                    "depends_on": [
                        "aws_vpc.invesco_vpc"
                    ],
                    "primary": {
                        "id": "sg-1f23a033e8c94d099b000c3c59de9444",
                        "attributes": {
                            "arn": "arn:aws:ec2:us-east-1:3e0e219e10f64722acdcaad2f8c48ed3:security-group/sg-1f23a033e8c94d099b000c3c59de9444",
                            "description": "Allow all traffic",
                            "egress.#": "1",
                            "egress.482069346.cidr_blocks.#": "1",
                            "egress.482069346.cidr_blocks.0": "0.0.0.0/0",
                            "egress.482069346.description": "",
                            "egress.482069346.from_port": "0",
                            "egress.482069346.ipv6_cidr_blocks.#": "0",
                            "egress.482069346.prefix_list_ids.#": "0",
                            "egress.482069346.protocol": "-1",
                            "egress.482069346.security_groups.#": "0",
                            "egress.482069346.self": "false",
                            "egress.482069346.to_port": "0",
                            "id": "sg-1f23a033e8c94d099b000c3c59de9444",
                            "ingress.#": "3",
                            "ingress.3068409405.cidr_blocks.#": "1",
                            "ingress.3068409405.cidr_blocks.0": "0.0.0.0/0",
                            "ingress.3068409405.description": "",
                            "ingress.3068409405.from_port": "8",
                            "ingress.3068409405.ipv6_cidr_blocks.#": "0",
                            "ingress.3068409405.protocol": "icmp",
                            "ingress.3068409405.security_groups.#": "0",
                            "ingress.3068409405.self": "false",
                            "ingress.3068409405.to_port": "0",
                            "ingress.3483629482.cidr_blocks.#": "1",
                            "ingress.3483629482.cidr_blocks.0": "0.0.0.0/0",
                            "ingress.3483629482.description": "",
                            "ingress.3483629482.from_port": "0",
                            "ingress.3483629482.ipv6_cidr_blocks.#": "0",
                            "ingress.3483629482.protocol": "tcp",
                            "ingress.3483629482.security_groups.#": "0",
                            "ingress.3483629482.self": "false",
                            "ingress.3483629482.to_port": "0",
                            "ingress.3774498727.cidr_blocks.#": "1",
                            "ingress.3774498727.cidr_blocks.0": "0.0.0.0/0",
                            "ingress.3774498727.description": "",
                            "ingress.3774498727.from_port": "0",
                            "ingress.3774498727.ipv6_cidr_blocks.#": "0",
                            "ingress.3774498727.protocol": "udp",
                            "ingress.3774498727.security_groups.#": "0",
                            "ingress.3774498727.self": "false",
                            "ingress.3774498727.to_port": "0",
                            "name": "allow_all",
                            "owner_id": "3e0e219e10f64722acdcaad2f8c48ed3",
                            "revoke_rules_on_delete": "false",
                            "tags.%": "0",
                            "vpc_id": "vpc-5b56c2cf44384301b72fae24840dc9d5"
                        },
                        "meta": {
                            "e2bfb730-ecaa-11e6-8f88-34363bc7c4c0": {
                                "create": 600000000000,
                                "delete": 600000000000
                            },
                            "schema_version": "1"
                        },
                        "tainted": false
                    },
                    "deposed": [],
                    "provider": "provider.aws"
                },
                "aws_security_group.lb-sec": {
                    "type": "aws_security_group",
                    "depends_on": [
                        "aws_vpc.invesco_vpc"
                    ],
                    "primary": {
                        "id": "sg-7d74d3a0237342b4b6465b4930a818dd",
                        "attributes": {
                            "arn": "arn:aws:ec2:us-east-1:3e0e219e10f64722acdcaad2f8c48ed3:security-group/sg-7d74d3a0237342b4b6465b4930a818dd",
                            "description": "Managed by Terraform",
                            "egress.#": "1",
                            "egress.482069346.cidr_blocks.#": "1",
                            "egress.482069346.cidr_blocks.0": "0.0.0.0/0",
                            "egress.482069346.description": "",
                            "egress.482069346.from_port": "0",
                            "egress.482069346.ipv6_cidr_blocks.#": "0",
                            "egress.482069346.prefix_list_ids.#": "0",
                            "egress.482069346.protocol": "-1",
                            "egress.482069346.security_groups.#": "0",
                            "egress.482069346.self": "false",
                            "egress.482069346.to_port": "0",
                            "id": "sg-7d74d3a0237342b4b6465b4930a818dd",
                            "ingress.#": "2",
                            "ingress.2214680975.cidr_blocks.#": "1",
                            "ingress.2214680975.cidr_blocks.0": "0.0.0.0/0",
                            "ingress.2214680975.description": "",
                            "ingress.2214680975.from_port": "80",
                            "ingress.2214680975.ipv6_cidr_blocks.#": "0",
                            "ingress.2214680975.protocol": "tcp",
                            "ingress.2214680975.security_groups.#": "0",
                            "ingress.2214680975.self": "false",
                            "ingress.2214680975.to_port": "80",
                            "ingress.3068409405.cidr_blocks.#": "1",
                            "ingress.3068409405.cidr_blocks.0": "0.0.0.0/0",
                            "ingress.3068409405.description": "",
                            "ingress.3068409405.from_port": "8",
                            "ingress.3068409405.ipv6_cidr_blocks.#": "0",
                            "ingress.3068409405.protocol": "icmp",
                            "ingress.3068409405.security_groups.#": "0",
                            "ingress.3068409405.self": "false",
                            "ingress.3068409405.to_port": "0",
                            "name": "lb-secgroup",
                            "owner_id": "3e0e219e10f64722acdcaad2f8c48ed3",
                            "revoke_rules_on_delete": "false",
                            "tags.%": "0",
                            "vpc_id": "vpc-5b56c2cf44384301b72fae24840dc9d5"
                        },
                        "meta": {
                            "e2bfb730-ecaa-11e6-8f88-34363bc7c4c0": {
                                "create": 600000000000,
                                "delete": 600000000000
                            },
                            "schema_version": "1"
                        },
                        "tainted": false
                    },
                    "deposed": [],
                    "provider": "provider.aws"
                },
                "aws_security_group.web-sec": {
                    "type": "aws_security_group",
                    "depends_on": [
                        "aws_vpc.invesco_vpc"
                    ],
                    "primary": {
                        "id": "sg-7f03fb301fa64ecbb913ae4faf860219",
                        "attributes": {
                            "arn": "arn:aws:ec2:us-east-1:3e0e219e10f64722acdcaad2f8c48ed3:security-group/sg-7f03fb301fa64ecbb913ae4faf860219",
                            "description": "Managed by Terraform",
                            "egress.#": "0",
                            "id": "sg-7f03fb301fa64ecbb913ae4faf860219",
                            "ingress.#": "3",
                            "ingress.2214680975.cidr_blocks.#": "1",
                            "ingress.2214680975.cidr_blocks.0": "0.0.0.0/0",
                            "ingress.2214680975.description": "",
                            "ingress.2214680975.from_port": "80",
                            "ingress.2214680975.ipv6_cidr_blocks.#": "0",
                            "ingress.2214680975.protocol": "tcp",
                            "ingress.2214680975.security_groups.#": "0",
                            "ingress.2214680975.self": "false",
                            "ingress.2214680975.to_port": "80",
                            "ingress.2541437006.cidr_blocks.#": "1",
                            "ingress.2541437006.cidr_blocks.0": "0.0.0.0/0",
                            "ingress.2541437006.description": "",
                            "ingress.2541437006.from_port": "22",
                            "ingress.2541437006.ipv6_cidr_blocks.#": "0",
                            "ingress.2541437006.protocol": "tcp",
                            "ingress.2541437006.security_groups.#": "0",
                            "ingress.2541437006.self": "false",
                            "ingress.2541437006.to_port": "22",
                            "ingress.3068409405.cidr_blocks.#": "1",
                            "ingress.3068409405.cidr_blocks.0": "0.0.0.0/0",
                            "ingress.3068409405.description": "",
                            "ingress.3068409405.from_port": "8",
                            "ingress.3068409405.ipv6_cidr_blocks.#": "0",
                            "ingress.3068409405.protocol": "icmp",
                            "ingress.3068409405.security_groups.#": "0",
                            "ingress.3068409405.self": "false",
                            "ingress.3068409405.to_port": "0",
                            "name": "webserver-secgroup",
                            "owner_id": "3e0e219e10f64722acdcaad2f8c48ed3",
                            "revoke_rules_on_delete": "false",
                            "tags.%": "0",
                            "vpc_id": "vpc-5b56c2cf44384301b72fae24840dc9d5"
                        },
                        "meta": {
                            "e2bfb730-ecaa-11e6-8f88-34363bc7c4c0": {
                                "create": 600000000000,
                                "delete": 600000000000
                            },
                            "schema_version": "1"
                        },
                        "tainted": false
                    },
                    "deposed": [],
                    "provider": "provider.aws"
                },
                "aws_subnet.invesco_subnet": {
                    "type": "aws_subnet",
                    "depends_on": [
                        "aws_vpc.invesco_vpc",
                        "aws_vpc_dhcp_options_association.dns_resolver"
                    ],
                    "primary": {
                        "id": "subnet-3067254d29e2457191253772e6dfe35a",
                        "attributes": {
                            "assign_ipv6_address_on_creation": "false",
                            "availability_zone": "symphony",
                            "cidr_block": "172.21.1.0/24",
                            "id": "subnet-3067254d29e2457191253772e6dfe35a",
                            "map_public_ip_on_launch": "false",
                            "tags.%": "1",
                            "tags.Name": "Invesco Demo Subnet",
                            "vpc_id": "vpc-5b56c2cf44384301b72fae24840dc9d5"
                        },
                        "meta": {
                            "schema_version": "1"
                        },
                        "tainted": false
                    },
                    "deposed": [],
                    "provider": "provider.aws"
                },
                "aws_vpc.invesco_vpc": {
                    "type": "aws_vpc",
                    "depends_on": [],
                    "primary": {
                        "id": "vpc-5b56c2cf44384301b72fae24840dc9d5",
                        "attributes": {
                            "arn": "arn:aws:ec2:us-east-1::vpc/vpc-5b56c2cf44384301b72fae24840dc9d5",
                            "assign_generated_ipv6_cidr_block": "false",
                            "cidr_block": "172.21.0.0/16",
                            "default_route_table_id": "rtb-8c33a71da5f1443ca64425a4ee5b4469",
                            "default_security_group_id": "sg-e29e6c53b10c46799b19117e6028595e",
                            "dhcp_options_id": "dopt-ed47b510e21d4670b801500a698c6d9b",
                            "enable_classiclink": "false",
                            "enable_classiclink_dns_support": "false",
                            "enable_dns_hostnames": "false",
                            "enable_dns_support": "false",
                            "id": "vpc-5b56c2cf44384301b72fae24840dc9d5",
                            "instance_tenancy": "default",
                            "main_route_table_id": "rtb-8c33a71da5f1443ca64425a4ee5b4469",
                            "tags.%": "1",
                            "tags.Name": "Invesco Demo VPC"
                        },
                        "meta": {
                            "schema_version": "1"
                        },
                        "tainted": false
                    },
                    "deposed": [],
                    "provider": "provider.aws"
                },
                "aws_vpc_dhcp_options.dns_resolver": {
                    "type": "aws_vpc_dhcp_options",
                    "depends_on": [],
                    "primary": {
                        "id": "dopt-ed47b510e21d4670b801500a698c6d9b",
                        "attributes": {
                            "domain_name": "ivz.strato.net",
                            "domain_name_servers.#": "3",
                            "domain_name_servers.0": "8.8.8.8",
                            "domain_name_servers.1": "8.8.4.4",
                            "domain_name_servers.2": "10.216.84.10",
                            "id": "dopt-ed47b510e21d4670b801500a698c6d9b",
                            "tags.%": "1",
                            "tags.Name": "Invesco DHCP Options"
                        },
                        "meta": {},
                        "tainted": false
                    },
                    "deposed": [],
                    "provider": "provider.aws"
                },
                "aws_vpc_dhcp_options_association.dns_resolver": {
                    "type": "aws_vpc_dhcp_options_association",
                    "depends_on": [
                        "aws_vpc.invesco_vpc",
                        "aws_vpc_dhcp_options.dns_resolver"
                    ],
                    "primary": {
                        "id": "dopt-ed47b510e21d4670b801500a698c6d9b-vpc-5b56c2cf44384301b72fae24840dc9d5",
                        "attributes": {
                            "dhcp_options_id": "dopt-ed47b510e21d4670b801500a698c6d9b",
                            "id": "dopt-ed47b510e21d4670b801500a698c6d9b-vpc-5b56c2cf44384301b72fae24840dc9d5",
                            "vpc_id": "vpc-5b56c2cf44384301b72fae24840dc9d5"
                        },
                        "meta": {},
                        "tainted": false
                    },
                    "deposed": [],
                    "provider": "provider.aws"
                }
            },
            "depends_on": []
        }
    ]
}
